
Microsoft Visual Studio Solution File, Format Version 12.00
# Visual Studio 15
VisualStudioVersion = 15.0.27004.2006
MinimumVisualStudioVersion = 10.0.40219.1
Project("{2150E333-8FDC-42A3-9474-1A3956D46DE8}") = "src", "src", "{639A4228-C913-4634-B58B-60A484692395}"
EndProject
Project("{2150E333-8FDC-42A3-9474-1A3956D46DE8}") = "Solution Items", "Solution Items", "{29AC8347-9FAA-4C2D-AB76-3FC9C54C7E71}"
	ProjectSection(SolutionItems) = preProject
		.gitignore = .gitignore
		LICENSE = LICENSE
		README.md = README.md
	EndProjectSection
EndProject
Project("{9A19103F-16F7-4668-BE54-9A1E7A4F7556}") = "Ministry.ModelBuilder.Abstractions", "src\Ministry.ModelBuilder.Abstractions\Ministry.ModelBuilder.Abstractions.csproj", "{C25FC047-49DF-4826-A8E5-0B6FEDD046BD}"
EndProject
Global
	GlobalSection(SolutionConfigurationPlatforms) = preSolution
		Debug|Any CPU = Debug|Any CPU
		Release|Any CPU = Release|Any CPU
	EndGlobalSection
	GlobalSection(ProjectConfigurationPlatforms) = postSolution
		{C25FC047-49DF-4826-A8E5-0B6FEDD046BD}.Debug|Any CPU.ActiveCfg = Debug|Any CPU
		{C25FC047-49DF-4826-A8E5-0B6FEDD046BD}.Debug|Any CPU.Build.0 = Debug|Any CPU
		{C25FC047-49DF-4826-A8E5-0B6FEDD046BD}.Release|Any CPU.ActiveCfg = Release|Any CPU
		{C25FC047-49DF-4826-A8E5-0B6FEDD046BD}.Release|Any CPU.Build.0 = Release|Any CPU
	EndGlobalSection
	GlobalSection(SolutionProperties) = preSolution
		HideSolutionNode = FALSE
	EndGlobalSection
	GlobalSection(NestedProjects) = preSolution
		{C25FC047-49DF-4826-A8E5-0B6FEDD046BD} = {639A4228-C913-4634-B58B-60A484692395}
	EndGlobalSection
	GlobalSection(ExtensibilityGlobals) = postSolution
		SolutionGuid = {9DFDB2A4-DAA8-46CE-8E78-3F5E9122FB37}
	EndGlobalSection
EndGlobal
